// !$*UTF8*$!
{
	archiveVersion = 1;
	classes = {
	};
	objectVersion = 46;
	objects = {

/* Begin PBXBuildFile section */
		04EB1EEF1CA766A4000391F1 /* main.cpp in Sources */ = {isa = PBXBuildFile; fileRef = 04EB1EEE1CA766A4000391F1 /* main.cpp */; };
		04EB1EF71CA766C4000391F1 /* gRNA.cpp in Sources */ = {isa = PBXBuildFile; fileRef = 04EB1EF51CA766C4000391F1 /* gRNA.cpp */; };
		04EB1EFA1CA766DA000391F1 /* CrisprGroup.cpp in Sources */ = {isa = PBXBuildFile; fileRef = 04EB1EF81CA766DA000391F1 /* CrisprGroup.cpp */; };
		04EB1EFD1CA766E7000391F1 /* Read.cpp in Sources */ = {isa = PBXBuildFile; fileRef = 04EB1EFB1CA766E7000391F1 /* Read.cpp */; };
		04EB1F001CA766F5000391F1 /* WriteFile.cpp in Sources */ = {isa = PBXBuildFile; fileRef = 04EB1EFE1CA766F5000391F1 /* WriteFile.cpp */; };
		04EB1F041CA7670A000391F1 /* Scoring.cpp in Sources */ = {isa = PBXBuildFile; fileRef = 04EB1F021CA7670A000391F1 /* Scoring.cpp */; };
/* End PBXBuildFile section */

/* Begin PBXCopyFilesBuildPhase section */
		04EB1EE91CA766A4000391F1 /* CopyFiles */ = {
			isa = PBXCopyFilesBuildPhase;
			buildActionMask = 2147483647;
			dstPath = /usr/share/man/man1/;
			dstSubfolderSpec = 0;
			files = (
			);
			runOnlyForDeploymentPostprocessing = 1;
		};
/* End PBXCopyFilesBuildPhase section */

/* Begin PBXFileReference section */
		04EB1EEB1CA766A4000391F1 /* Casper_Seq_Finder */ = {isa = PBXFileReference; explicitFileType = "compiled.mach-o.executable"; includeInIndex = 0; path = Casper_Seq_Finder; sourceTree = BUILT_PRODUCTS_DIR; };
		04EB1EEE1CA766A4000391F1 /* main.cpp */ = {isa = PBXFileReference; lastKnownFileType = sourcecode.cpp.cpp; path = main.cpp; sourceTree = "<group>"; };
		04EB1EF51CA766C4000391F1 /* gRNA.cpp */ = {isa = PBXFileReference; fileEncoding = 4; lastKnownFileType = sourcecode.cpp.cpp; path = gRNA.cpp; sourceTree = "<group>"; };
		04EB1EF61CA766C4000391F1 /* gRNA.h */ = {isa = PBXFileReference; fileEncoding = 4; lastKnownFileType = sourcecode.c.h; path = gRNA.h; sourceTree = "<group>"; };
		04EB1EF81CA766DA000391F1 /* CrisprGroup.cpp */ = {isa = PBXFileReference; fileEncoding = 4; lastKnownFileType = sourcecode.cpp.cpp; path = CrisprGroup.cpp; sourceTree = "<group>"; };
		04EB1EF91CA766DA000391F1 /* CrisprGroup.h */ = {isa = PBXFileReference; fileEncoding = 4; lastKnownFileType = sourcecode.c.h; path = CrisprGroup.h; sourceTree = "<group>"; };
		04EB1EFB1CA766E7000391F1 /* Read.cpp */ = {isa = PBXFileReference; fileEncoding = 4; lastKnownFileType = sourcecode.cpp.cpp; path = Read.cpp; sourceTree = "<group>"; };
		04EB1EFC1CA766E7000391F1 /* Read.h */ = {isa = PBXFileReference; fileEncoding = 4; lastKnownFileType = sourcecode.c.h; path = Read.h; sourceTree = "<group>"; };
		04EB1EFE1CA766F5000391F1 /* WriteFile.cpp */ = {isa = PBXFileReference; fileEncoding = 4; lastKnownFileType = sourcecode.cpp.cpp; path = WriteFile.cpp; sourceTree = "<group>"; };
		04EB1EFF1CA766F5000391F1 /* WriteFile.h */ = {isa = PBXFileReference; fileEncoding = 4; lastKnownFileType = sourcecode.c.h; path = WriteFile.h; sourceTree = "<group>"; };
		04EB1F011CA766FF000391F1 /* pameval.h */ = {isa = PBXFileReference; lastKnownFileType = sourcecode.c.h; path = pameval.h; sourceTree = "<group>"; };
		04EB1F021CA7670A000391F1 /* Scoring.cpp */ = {isa = PBXFileReference; fileEncoding = 4; lastKnownFileType = sourcecode.cpp.cpp; path = Scoring.cpp; sourceTree = "<group>"; };
		04EB1F031CA7670A000391F1 /* Scoring.h */ = {isa = PBXFileReference; fileEncoding = 4; lastKnownFileType = sourcecode.c.h; path = Scoring.h; sourceTree = "<group>"; };
/* End PBXFileReference section */

/* Begin PBXFrameworksBuildPhase section */
		04EB1EE81CA766A4000391F1 /* Frameworks */ = {
			isa = PBXFrameworksBuildPhase;
			buildActionMask = 2147483647;
			files = (
			);
			runOnlyForDeploymentPostprocessing = 0;
		};
/* End PBXFrameworksBuildPhase section */

/* Begin PBXGroup section */
		04EB1EE21CA766A4000391F1 = {
			isa = PBXGroup;
			children = (
				04EB1EED1CA766A4000391F1 /* Casper_Seq_Finder */,
				04EB1EEC1CA766A4000391F1 /* Products */,
			);
			sourceTree = "<group>";
		};
		04EB1EEC1CA766A4000391F1 /* Products */ = {
			isa = PBXGroup;
			children = (
				04EB1EEB1CA766A4000391F1 /* Casper_Seq_Finder */,
			);
			name = Products;
			sourceTree = "<group>";
		};
		04EB1EED1CA766A4000391F1 /* Casper_Seq_Finder */ = {
			isa = PBXGroup;
			children = (
				04EB1EEE1CA766A4000391F1 /* main.cpp */,
				04EB1EF51CA766C4000391F1 /* gRNA.cpp */,
				04EB1EF61CA766C4000391F1 /* gRNA.h */,
				04EB1F021CA7670A000391F1 /* Scoring.cpp */,
				04EB1F031CA7670A000391F1 /* Scoring.h */,
				04EB1EF81CA766DA000391F1 /* CrisprGroup.cpp */,
				04EB1EF91CA766DA000391F1 /* CrisprGroup.h */,
				04EB1EFB1CA766E7000391F1 /* Read.cpp */,
				04EB1EFC1CA766E7000391F1 /* Read.h */,
				04EB1EFE1CA766F5000391F1 /* WriteFile.cpp */,
				04EB1EFF1CA766F5000391F1 /* WriteFile.h */,
				04EB1F011CA766FF000391F1 /* pameval.h */,
			);
			path = Casper_Seq_Finder;
			sourceTree = "<group>";
		};
/* End PBXGroup section */

/* Begin PBXNativeTarget section */
		04EB1EEA1CA766A4000391F1 /* Casper_Seq_Finder */ = {
			isa = PBXNativeTarget;
			buildConfigurationList = 04EB1EF21CA766A4000391F1 /* Build configuration list for PBXNativeTarget "Casper_Seq_Finder" */;
			buildPhases = (
				04EB1EE71CA766A4000391F1 /* Sources */,
				04EB1EE81CA766A4000391F1 /* Frameworks */,
				04EB1EE91CA766A4000391F1 /* CopyFiles */,
			);
			buildRules = (
			);
			dependencies = (
			);
			name = Casper_Seq_Finder;
			productName = Casper_Seq_Finder;
			productReference = 04EB1EEB1CA766A4000391F1 /* Casper_Seq_Finder */;
			productType = "com.apple.product-type.tool";
		};
/* End PBXNativeTarget section */

/* Begin PBXProject section */
		04EB1EE31CA766A4000391F1 /* Project object */ = {
			isa = PBXProject;
			attributes = {
				LastUpgradeCheck = 0640;
				ORGANIZATIONNAME = "Brian Mendoza";
				TargetAttributes = {
					04EB1EEA1CA766A4000391F1 = {
						CreatedOnToolsVersion = 6.4;
					};
				};
			};
			buildConfigurationList = 04EB1EE61CA766A4000391F1 /* Build configuration list for PBXProject "Casper_Seq_Finder" */;
			compatibilityVersion = "Xcode 3.2";
			developmentRegion = English;
			hasScannedForEncodings = 0;
			knownRegions = (
				en,
			);
			mainGroup = 04EB1EE21CA766A4000391F1;
			productRefGroup = 04EB1EEC1CA766A4000391F1 /* Products */;
			projectDirPath = "";
			projectRoot = "";
			targets = (
				04EB1EEA1CA766A4000391F1 /* Casper_Seq_Finder */,
			);
		};
/* End PBXProject section */

/* Begin PBXSourcesBuildPhase section */
		04EB1EE71CA766A4000391F1 /* Sources */ = {
			isa = PBXSourcesBuildPhase;
			buildActionMask = 2147483647;
			files = (
				04EB1F001CA766F5000391F1 /* WriteFile.cpp in Sources */,
				04EB1F041CA7670A000391F1 /* Scoring.cpp in Sources */,
				04EB1EFA1CA766DA000391F1 /* CrisprGroup.cpp in Sources */,
				04EB1EFD1CA766E7000391F1 /* Read.cpp in Sources */,
				04EB1EEF1CA766A4000391F1 /* main.cpp in Sources */,
				04EB1EF71CA766C4000391F1 /* gRNA.cpp in Sources */,
			);
			runOnlyForDeploymentPostprocessing = 0;
		};
/* End PBXSourcesBuildPhase section */

/* Begin XCBuildConfiguration section */
		04EB1EF01CA766A4000391F1 /* Debug */ = {
			isa = XCBuildConfiguration;
			buildSettings = {
				ALWAYS_SEARCH_USER_PATHS = NO;
				CLANG_CXX_LANGUAGE_STANDARD = "gnu++0x";
				CLANG_CXX_LIBRARY = "libc++";
				CLANG_ENABLE_MODULES = YES;
				CLANG_ENABLE_OBJC_ARC = YES;
				CLANG_WARN_BOOL_CONVERSION = YES;
				CLANG_WARN_CONSTANT_CONVERSION = YES;
				CLANG_WARN_DIRECT_OBJC_ISA_USAGE = YES_ERROR;
				CLANG_WARN_EMPTY_BODY = YES;
				CLANG_WARN_ENUM_CONVERSION = YES;
				CLANG_WARN_INT_CONVERSION = YES;
				CLANG_WARN_OBJC_ROOT_CLASS = YES_ERROR;
				CLANG_WARN_UNREACHABLE_CODE = YES;
				CLANG_WARN__DUPLICATE_METHOD_MATCH = YES;
				COPY_PHASE_STRIP = NO;
				DEBUG_INFORMATION_FORMAT = dwarf;
				ENABLE_STRICT_OBJC_MSGSEND = YES;
				GCC_C_LANGUAGE_STANDARD = gnu99;
				GCC_DYNAMIC_NO_PIC = NO;
				GCC_NO_COMMON_BLOCKS = YES;
				GCC_OPTIMIZATION_LEVEL = 0;
				GCC_PREPROCESSOR_DEFINITIONS = (
					"DEBUG=1",
					"$(inherited)",
				);
				GCC_SYMBOLS_PRIVATE_EXTERN = NO;
				GCC_WARN_64_TO_32_BIT_CONVERSION = YES;
				GCC_WARN_ABOUT_RETURN_TYPE = YES_ERROR;
				GCC_WARN_UNDECLARED_SELECTOR = YES;
				GCC_WARN_UNINITIALIZED_AUTOS = YES_AGGRESSIVE;
				GCC_WARN_UNUSED_FUNCTION = YES;
				GCC_WARN_UNUSED_VARIABLE = YES;
				MACOSX_DEPLOYMENT_TARGET = 10.10;
				MTL_ENABLE_DEBUG_INFO = YES;
				ONLY_ACTIVE_ARCH = YES;
				SDKROOT = macosx;
			};
			name = Debug;
		};
		04EB1EF11CA766A4000391F1 /* Release */ = {
			isa = XCBuildConfiguration;
			buildSettings = {
				ALWAYS_SEARCH_USER_PATHS = NO;
				CLANG_CXX_LANGUAGE_STANDARD = "gnu++0x";
				CLANG_CXX_LIBRARY = "libc++";
				CLANG_ENABLE_MODULES = YES;
				CLANG_ENABLE_OBJC_ARC = YES;
				CLANG_WARN_BOOL_CONVERSION = YES;
				CLANG_WARN_CONSTANT_CONVERSION = YES;
				CLANG_WARN_DIRECT_OBJC_ISA_USAGE = YES_ERROR;
				CLANG_WARN_EMPTY_BODY = YES;
				CLANG_WARN_ENUM_CONVERSION = YES;
				CLANG_WARN_INT_CONVERSION = YES;
				CLANG_WARN_OBJC_ROOT_CLASS = YES_ERROR;
				CLANG_WARN_UNREACHABLE_CODE = YES;
				CLANG_WARN__DUPLICATE_METHOD_MATCH = YES;
				COPY_PHASE_STRIP = NO;
				DEBUG_INFORMATION_FORMAT = "dwarf-with-dsym";
				ENABLE_NS_ASSERTIONS = NO;
				ENABLE_STRICT_OBJC_MSGSEND = YES;
				GCC_C_LANGUAGE_STANDARD = gnu99;
				GCC_NO_COMMON_BLOCKS = YES;
				GCC_WARN_64_TO_32_BIT_CONVERSION = YES;
				GCC_WARN_ABOUT_RETURN_TYPE = YES_ERROR;
				GCC_WARN_UNDECLARED_SELECTOR = YES;
				GCC_WARN_UNINITIALIZED_AUTOS = YES_AGGRESSIVE;
				GCC_WARN_UNUSED_FUNCTION = YES;
				GCC_WARN_UNUSED_VARIABLE = YES;
				MACOSX_DEPLOYMENT_TARGET = 10.10;
				MTL_ENABLE_DEBUG_INFO = NO;
				SDKROOT = macosx;
			};
			name = Release;
		};
		04EB1EF31CA766A4000391F1 /* Debug */ = {
			isa = XCBuildConfiguration;
			buildSettings = {
				PRODUCT_NAME = "$(TARGET_NAME)";
			};
			name = Debug;
		};
		04EB1EF41CA766A4000391F1 /* Release */ = {
			isa = XCBuildConfiguration;
			buildSettings = {
				PRODUCT_NAME = "$(TARGET_NAME)";
			};
			name = Release;
		};
/* End XCBuildConfiguration section */

/* Begin XCConfigurationList section */
		04EB1EE61CA766A4000391F1 /* Build configuration list for PBXProject "Casper_Seq_Finder" */ = {
			isa = XCConfigurationList;
			buildConfigurations = (
				04EB1EF01CA766A4000391F1 /* Debug */,
				04EB1EF11CA766A4000391F1 /* Release */,
			);
			defaultConfigurationIsVisible = 0;
			defaultConfigurationName = Release;
		};
		04EB1EF21CA766A4000391F1 /* Build configuration list for PBXNativeTarget "Casper_Seq_Finder" */ = {
			isa = XCConfigurationList;
			buildConfigurations = (
				04EB1EF31CA766A4000391F1 /* Debug */,
				04EB1EF41CA766A4000391F1 /* Release */,
			);
			defaultConfigurationIsVisible = 0;
			defaultConfigurationName = Release;
		};
/* End XCConfigurationList section */
	};
	rootObject = 04EB1EE31CA766A4000391F1 /* Project object */;
}
